# This file is automatically @generated by Cargo.
# It is not intended for manual editing.
version = 3

[[package]]
name = "_lib"
version = "0.1.0"

[[package]]
name = "basic"
version = "0.1.0"
dependencies = [
 "_lib",
]

[[package]]
name = "design_patterns"
version = "0.1.0"

[[package]]
name = "dsa"
version = "0.1.0"

[[package]]
name = "mid"
version = "0.1.0"

[[package]]
name = "pro"
version = "0.1.0"
